
Microsoft Visual Studio Solution File, Format Version 12.00
# Visual Studio Version 17
VisualStudioVersion = 17.9.34607.119
MinimumVisualStudioVersion = 10.0.40219.1
Project("{FAE04EC0-301F-11D3-BF4B-00C04F79EFBC}") = "myJenkins", "myJenkins\myJenkins.csproj", "{EB419D1C-91A1-4D3D-880B-81B01342A2F0}"
EndProject
Global
	GlobalSection(SolutionConfigurationPlatforms) = preSolution
		Debug|Any CPU = Debug|Any CPU
		Release|Any CPU = Release|Any CPU
	EndGlobalSection
	GlobalSection(ProjectConfigurationPlatforms) = postSolution
		{EB419D1C-91A1-4D3D-880B-81B01342A2F0}.Debug|Any CPU.ActiveCfg = Debug|Any CPU
		{EB419D1C-91A1-4D3D-880B-81B01342A2F0}.Debug|Any CPU.Build.0 = Debug|Any CPU
		{EB419D1C-91A1-4D3D-880B-81B01342A2F0}.Release|Any CPU.ActiveCfg = Release|Any CPU
		{EB419D1C-91A1-4D3D-880B-81B01342A2F0}.Release|Any CPU.Build.0 = Release|Any CPU
	EndGlobalSection
	GlobalSection(SolutionProperties) = preSolution
		HideSolutionNode = FALSE
	EndGlobalSection
	GlobalSection(ExtensibilityGlobals) = postSolution
		SolutionGuid = {B036A3A3-9286-46F5-84DE-29245BCF20FD}
	EndGlobalSection
EndGlobal
